
Microsoft Visual Studio Solution File, Format Version 12.00
# Visual Studio Version 17
VisualStudioVersion = 17.5.002.0
MinimumVisualStudioVersion = 10.0.40219.1
Project("{2150E333-8FDC-42A3-9474-1A3956D46DE8}") = "csharp-prep", "csharp-prep", "{490DE131-0782-40AC-8C7E-94148B670406}"
EndProject
Project("{9A19103F-16F7-4668-BE54-9A1E7A4F7556}") = "Prep1", "csharp-prep\Prep1\Prep1.csproj", "{65EE89D2-7DE3-49E7-949B-CE2064AD69CD}"
EndProject
Project("{9A19103F-16F7-4668-BE54-9A1E7A4F7556}") = "Prep2", "csharp-prep\Prep2\Prep2.csproj", "{F797455C-5CA9-4D6E-AF57-DB01965892B8}"
EndProject
Project("{9A19103F-16F7-4668-BE54-9A1E7A4F7556}") = "Prep3", "csharp-prep\Prep3\Prep3.csproj", "{F5F3801A-0BA5-4A9D-A5FF-A9AC2BAB6A3B}"
EndProject
Project("{9A19103F-16F7-4668-BE54-9A1E7A4F7556}") = "Prep4", "csharp-prep\Prep4\Prep4.csproj", "{E095A867-3A6D-4B18-9772-DC6A80F3F0B9}"
EndProject
Project("{9A19103F-16F7-4668-BE54-9A1E7A4F7556}") = "Prep5", "csharp-prep\Prep5\Prep5.csproj", "{0B4EB11E-B388-44E7-AC12-B3CAEB1379AE}"
EndProject
Project("{2150E333-8FDC-42A3-9474-1A3956D46DE8}") = "final", "final", "{391B9CF3-AE4E-4F33-A047-161472E481B5}"
EndProject
Project("{9A19103F-16F7-4668-BE54-9A1E7A4F7556}") = "FinalProject", "final\FinalProject\FinalProject.csproj", "{C6D2439F-768D-48EE-B2FD-30E70DF9C345}"
EndProject
Project("{9A19103F-16F7-4668-BE54-9A1E7A4F7556}") = "Foundation1", "final\Foundation1\Foundation1.csproj", "{687378B6-8F68-4E78-9E9C-A95F8E0813B3}"
EndProject
Project("{9A19103F-16F7-4668-BE54-9A1E7A4F7556}") = "Foundation2", "final\Foundation2\Foundation2.csproj", "{96FB765C-015A-4DE1-978B-92194C845C0D}"
EndProject
Project("{9A19103F-16F7-4668-BE54-9A1E7A4F7556}") = "Foundation3", "final\Foundation3\Foundation3.csproj", "{5E732FC9-9478-434D-A805-EAFB78E9B98E}"
EndProject
Project("{9A19103F-16F7-4668-BE54-9A1E7A4F7556}") = "Foundation4", "final\Foundation4\Foundation4.csproj", "{F3B90E71-9668-4863-B867-2E45A9A08888}"
EndProject
Project("{2150E333-8FDC-42A3-9474-1A3956D46DE8}") = "prepare", "prepare", "{181DE0C5-5A1E-4114-BD26-506F0BAB90B9}"
EndProject
Project("{9A19103F-16F7-4668-BE54-9A1E7A4F7556}") = "Learning02", "prepare\Learning02\Learning02.csproj", "{7F94DE69-3253-43A2-9257-8C5B799EE08C}"
EndProject
Project("{9A19103F-16F7-4668-BE54-9A1E7A4F7556}") = "Learning03", "prepare\Learning03\Learning03.csproj", "{CC6245A8-1F0E-4E49-BD4B-EF8287604BEC}"
EndProject
Project("{9A19103F-16F7-4668-BE54-9A1E7A4F7556}") = "Learning04", "prepare\Learning04\Learning04.csproj", "{9C511B84-BDFA-4D95-AEA8-EF52531B92BF}"
EndProject
Project("{9A19103F-16F7-4668-BE54-9A1E7A4F7556}") = "Learning05", "prepare\Learning05\Learning05.csproj", "{A1C23963-1B4A-4E8C-918F-0360661C963A}"
EndProject
Project("{2150E333-8FDC-42A3-9474-1A3956D46DE8}") = "prove", "prove", "{CE1D1F55-936E-4B00-9A5F-C95B2BBFF8E7}"
EndProject
Project("{9A19103F-16F7-4668-BE54-9A1E7A4F7556}") = "Develop02", "prove\Develop02\Develop02.csproj", "{200119F5-9895-49C4-866D-257FE7632ECC}"
EndProject
Project("{9A19103F-16F7-4668-BE54-9A1E7A4F7556}") = "Develop03", "prove\Develop03\Develop03.csproj", "{296C9CE3-6E63-45EC-A7D8-00DB58897C87}"
EndProject
Project("{9A19103F-16F7-4668-BE54-9A1E7A4F7556}") = "Develop04", "prove\Develop04\Develop04.csproj", "{F626BF07-BA6E-459A-8849-FF0F1479F731}"
EndProject
Project("{9A19103F-16F7-4668-BE54-9A1E7A4F7556}") = "Develop05", "prove\Develop05\Develop05.csproj", "{29A4DDD9-D965-4F59-A084-8B358D00A968}"
EndProject
Project("{2150E333-8FDC-42A3-9474-1A3956D46DE8}") = "sandbox", "sandbox", "{B61BE1AF-95E3-4ED9-B7B1-D3B119ECC65C}"
EndProject
Project("{9A19103F-16F7-4668-BE54-9A1E7A4F7556}") = "Sandbox", "sandbox\Sandbox\Sandbox.csproj", "{329A689A-C813-48B1-9E25-1B9D9818EEBE}"
EndProject
Global
	GlobalSection(SolutionConfigurationPlatforms) = preSolution
		Debug|Any CPU = Debug|Any CPU
		Release|Any CPU = Release|Any CPU
	EndGlobalSection
	GlobalSection(ProjectConfigurationPlatforms) = postSolution
		{65EE89D2-7DE3-49E7-949B-CE2064AD69CD}.Debug|Any CPU.ActiveCfg = Debug|Any CPU
		{65EE89D2-7DE3-49E7-949B-CE2064AD69CD}.Debug|Any CPU.Build.0 = Debug|Any CPU
		{65EE89D2-7DE3-49E7-949B-CE2064AD69CD}.Release|Any CPU.ActiveCfg = Release|Any CPU
		{65EE89D2-7DE3-49E7-949B-CE2064AD69CD}.Release|Any CPU.Build.0 = Release|Any CPU
		{F797455C-5CA9-4D6E-AF57-DB01965892B8}.Debug|Any CPU.ActiveCfg = Debug|Any CPU
		{F797455C-5CA9-4D6E-AF57-DB01965892B8}.Debug|Any CPU.Build.0 = Debug|Any CPU
		{F797455C-5CA9-4D6E-AF57-DB01965892B8}.Release|Any CPU.ActiveCfg = Release|Any CPU
		{F797455C-5CA9-4D6E-AF57-DB01965892B8}.Release|Any CPU.Build.0 = Release|Any CPU
		{F5F3801A-0BA5-4A9D-A5FF-A9AC2BAB6A3B}.Debug|Any CPU.ActiveCfg = Debug|Any CPU
		{F5F3801A-0BA5-4A9D-A5FF-A9AC2BAB6A3B}.Debug|Any CPU.Build.0 = Debug|Any CPU
		{F5F3801A-0BA5-4A9D-A5FF-A9AC2BAB6A3B}.Release|Any CPU.ActiveCfg = Release|Any CPU
		{F5F3801A-0BA5-4A9D-A5FF-A9AC2BAB6A3B}.Release|Any CPU.Build.0 = Release|Any CPU
		{E095A867-3A6D-4B18-9772-DC6A80F3F0B9}.Debug|Any CPU.ActiveCfg = Debug|Any CPU
		{E095A867-3A6D-4B18-9772-DC6A80F3F0B9}.Debug|Any CPU.Build.0 = Debug|Any CPU
		{E095A867-3A6D-4B18-9772-DC6A80F3F0B9}.Release|Any CPU.ActiveCfg = Release|Any CPU
		{E095A867-3A6D-4B18-9772-DC6A80F3F0B9}.Release|Any CPU.Build.0 = Release|Any CPU
		{0B4EB11E-B388-44E7-AC12-B3CAEB1379AE}.Debug|Any CPU.ActiveCfg = Debug|Any CPU
		{0B4EB11E-B388-44E7-AC12-B3CAEB1379AE}.Debug|Any CPU.Build.0 = Debug|Any CPU
		{0B4EB11E-B388-44E7-AC12-B3CAEB1379AE}.Release|Any CPU.ActiveCfg = Release|Any CPU
		{0B4EB11E-B388-44E7-AC12-B3CAEB1379AE}.Release|Any CPU.Build.0 = Release|Any CPU
		{C6D2439F-768D-48EE-B2FD-30E70DF9C345}.Debug|Any CPU.ActiveCfg = Debug|Any CPU
		{C6D2439F-768D-48EE-B2FD-30E70DF9C345}.Debug|Any CPU.Build.0 = Debug|Any CPU
		{C6D2439F-768D-48EE-B2FD-30E70DF9C345}.Release|Any CPU.ActiveCfg = Release|Any CPU
		{C6D2439F-768D-48EE-B2FD-30E70DF9C345}.Release|Any CPU.Build.0 = Release|Any CPU
		{687378B6-8F68-4E78-9E9C-A95F8E0813B3}.Debug|Any CPU.ActiveCfg = Debug|Any CPU
		{687378B6-8F68-4E78-9E9C-A95F8E0813B3}.Debug|Any CPU.Build.0 = Debug|Any CPU
		{687378B6-8F68-4E78-9E9C-A95F8E0813B3}.Release|Any CPU.ActiveCfg = Release|Any CPU
		{687378B6-8F68-4E78-9E9C-A95F8E0813B3}.Release|Any CPU.Build.0 = Release|Any CPU
		{96FB765C-015A-4DE1-978B-92194C845C0D}.Debug|Any CPU.ActiveCfg = Debug|Any CPU
		{96FB765C-015A-4DE1-978B-92194C845C0D}.Debug|Any CPU.Build.0 = Debug|Any CPU
		{96FB765C-015A-4DE1-978B-92194C845C0D}.Release|Any CPU.ActiveCfg = Release|Any CPU
		{96FB765C-015A-4DE1-978B-92194C845C0D}.Release|Any CPU.Build.0 = Release|Any CPU
		{5E732FC9-9478-434D-A805-EAFB78E9B98E}.Debug|Any CPU.ActiveCfg = Debug|Any CPU
		{5E732FC9-9478-434D-A805-EAFB78E9B98E}.Debug|Any CPU.Build.0 = Debug|Any CPU
		{5E732FC9-9478-434D-A805-EAFB78E9B98E}.Release|Any CPU.ActiveCfg = Release|Any CPU
		{5E732FC9-9478-434D-A805-EAFB78E9B98E}.Release|Any CPU.Build.0 = Release|Any CPU
		{F3B90E71-9668-4863-B867-2E45A9A08888}.Debug|Any CPU.ActiveCfg = Debug|Any CPU
		{F3B90E71-9668-4863-B867-2E45A9A08888}.Debug|Any CPU.Build.0 = Debug|Any CPU
		{F3B90E71-9668-4863-B867-2E45A9A08888}.Release|Any CPU.ActiveCfg = Release|Any CPU
		{F3B90E71-9668-4863-B867-2E45A9A08888}.Release|Any CPU.Build.0 = Release|Any CPU
		{7F94DE69-3253-43A2-9257-8C5B799EE08C}.Debug|Any CPU.ActiveCfg = Debug|Any CPU
		{7F94DE69-3253-43A2-9257-8C5B799EE08C}.Debug|Any CPU.Build.0 = Debug|Any CPU
		{7F94DE69-3253-43A2-9257-8C5B799EE08C}.Release|Any CPU.ActiveCfg = Release|Any CPU
		{7F94DE69-3253-43A2-9257-8C5B799EE08C}.Release|Any CPU.Build.0 = Release|Any CPU
		{CC6245A8-1F0E-4E49-BD4B-EF8287604BEC}.Debug|Any CPU.ActiveCfg = Debug|Any CPU
		{CC6245A8-1F0E-4E49-BD4B-EF8287604BEC}.Debug|Any CPU.Build.0 = Debug|Any CPU
		{CC6245A8-1F0E-4E49-BD4B-EF8287604BEC}.Release|Any CPU.ActiveCfg = Release|Any CPU
		{CC6245A8-1F0E-4E49-BD4B-EF8287604BEC}.Release|Any CPU.Build.0 = Release|Any CPU
		{9C511B84-BDFA-4D95-AEA8-EF52531B92BF}.Debug|Any CPU.ActiveCfg = Debug|Any CPU
		{9C511B84-BDFA-4D95-AEA8-EF52531B92BF}.Debug|Any CPU.Build.0 = Debug|Any CPU
		{9C511B84-BDFA-4D95-AEA8-EF52531B92BF}.Release|Any CPU.ActiveCfg = Release|Any CPU
		{9C511B84-BDFA-4D95-AEA8-EF52531B92BF}.Release|Any CPU.Build.0 = Release|Any CPU
		{A1C23963-1B4A-4E8C-918F-0360661C963A}.Debug|Any CPU.ActiveCfg = Debug|Any CPU
		{A1C23963-1B4A-4E8C-918F-0360661C963A}.Debug|Any CPU.Build.0 = Debug|Any CPU
		{A1C23963-1B4A-4E8C-918F-0360661C963A}.Release|Any CPU.ActiveCfg = Release|Any CPU
		{A1C23963-1B4A-4E8C-918F-0360661C963A}.Release|Any CPU.Build.0 = Release|Any CPU
		{200119F5-9895-49C4-866D-257FE7632ECC}.Debug|Any CPU.ActiveCfg = Debug|Any CPU
		{200119F5-9895-49C4-866D-257FE7632ECC}.Debug|Any CPU.Build.0 = Debug|Any CPU
		{200119F5-9895-49C4-866D-257FE7632ECC}.Release|Any CPU.ActiveCfg = Release|Any CPU
		{200119F5-9895-49C4-866D-257FE7632ECC}.Release|Any CPU.Build.0 = Release|Any CPU
		{296C9CE3-6E63-45EC-A7D8-00DB58897C87}.Debug|Any CPU.ActiveCfg = Debug|Any CPU
		{296C9CE3-6E63-45EC-A7D8-00DB58897C87}.Debug|Any CPU.Build.0 = Debug|Any CPU
		{296C9CE3-6E63-45EC-A7D8-00DB58897C87}.Release|Any CPU.ActiveCfg = Release|Any CPU
		{296C9CE3-6E63-45EC-A7D8-00DB58897C87}.Release|Any CPU.Build.0 = Release|Any CPU
		{F626BF07-BA6E-459A-8849-FF0F1479F731}.Debug|Any CPU.ActiveCfg = Debug|Any CPU
		{F626BF07-BA6E-459A-8849-FF0F1479F731}.Debug|Any CPU.Build.0 = Debug|Any CPU
		{F626BF07-BA6E-459A-8849-FF0F1479F731}.Release|Any CPU.ActiveCfg = Release|Any CPU
		{F626BF07-BA6E-459A-8849-FF0F1479F731}.Release|Any CPU.Build.0 = Release|Any CPU
		{29A4DDD9-D965-4F59-A084-8B358D00A968}.Debug|Any CPU.ActiveCfg = Debug|Any CPU
		{29A4DDD9-D965-4F59-A084-8B358D00A968}.Debug|Any CPU.Build.0 = Debug|Any CPU
		{29A4DDD9-D965-4F59-A084-8B358D00A968}.Release|Any CPU.ActiveCfg = Release|Any CPU
		{29A4DDD9-D965-4F59-A084-8B358D00A968}.Release|Any CPU.Build.0 = Release|Any CPU
		{329A689A-C813-48B1-9E25-1B9D9818EEBE}.Debug|Any CPU.ActiveCfg = Debug|Any CPU
		{329A689A-C813-48B1-9E25-1B9D9818EEBE}.Debug|Any CPU.Build.0 = Debug|Any CPU
		{329A689A-C813-48B1-9E25-1B9D9818EEBE}.Release|Any CPU.ActiveCfg = Release|Any CPU
		{329A689A-C813-48B1-9E25-1B9D9818EEBE}.Release|Any CPU.Build.0 = Release|Any CPU
	EndGlobalSection
	GlobalSection(SolutionProperties) = preSolution
		HideSolutionNode = FALSE
	EndGlobalSection
	GlobalSection(NestedProjects) = preSolution
		{65EE89D2-7DE3-49E7-949B-CE2064AD69CD} = {490DE131-0782-40AC-8C7E-94148B670406}
		{F797455C-5CA9-4D6E-AF57-DB01965892B8} = {490DE131-0782-40AC-8C7E-94148B670406}
		{F5F3801A-0BA5-4A9D-A5FF-A9AC2BAB6A3B} = {490DE131-0782-40AC-8C7E-94148B670406}
		{E095A867-3A6D-4B18-9772-DC6A80F3F0B9} = {490DE131-0782-40AC-8C7E-94148B670406}
		{0B4EB11E-B388-44E7-AC12-B3CAEB1379AE} = {490DE131-0782-40AC-8C7E-94148B670406}
		{C6D2439F-768D-48EE-B2FD-30E70DF9C345} = {391B9CF3-AE4E-4F33-A047-161472E481B5}
		{687378B6-8F68-4E78-9E9C-A95F8E0813B3} = {391B9CF3-AE4E-4F33-A047-161472E481B5}
		{96FB765C-015A-4DE1-978B-92194C845C0D} = {391B9CF3-AE4E-4F33-A047-161472E481B5}
		{5E732FC9-9478-434D-A805-EAFB78E9B98E} = {391B9CF3-AE4E-4F33-A047-161472E481B5}
		{F3B90E71-9668-4863-B867-2E45A9A08888} = {391B9CF3-AE4E-4F33-A047-161472E481B5}
		{7F94DE69-3253-43A2-9257-8C5B799EE08C} = {181DE0C5-5A1E-4114-BD26-506F0BAB90B9}
		{CC6245A8-1F0E-4E49-BD4B-EF8287604BEC} = {181DE0C5-5A1E-4114-BD26-506F0BAB90B9}
		{9C511B84-BDFA-4D95-AEA8-EF52531B92BF} = {181DE0C5-5A1E-4114-BD26-506F0BAB90B9}
		{A1C23963-1B4A-4E8C-918F-0360661C963A} = {181DE0C5-5A1E-4114-BD26-506F0BAB90B9}
		{200119F5-9895-49C4-866D-257FE7632ECC} = {CE1D1F55-936E-4B00-9A5F-C95B2BBFF8E7}
		{296C9CE3-6E63-45EC-A7D8-00DB58897C87} = {CE1D1F55-936E-4B00-9A5F-C95B2BBFF8E7}
		{F626BF07-BA6E-459A-8849-FF0F1479F731} = {CE1D1F55-936E-4B00-9A5F-C95B2BBFF8E7}
		{29A4DDD9-D965-4F59-A084-8B358D00A968} = {CE1D1F55-936E-4B00-9A5F-C95B2BBFF8E7}
		{329A689A-C813-48B1-9E25-1B9D9818EEBE} = {B61BE1AF-95E3-4ED9-B7B1-D3B119ECC65C}
	EndGlobalSection
	GlobalSection(ExtensibilityGlobals) = postSolution
		SolutionGuid = {887DD220-6E25-4F9C-9270-B640A00D02AA}
	EndGlobalSection
EndGlobal
